
Microsoft Visual Studio Solution File, Format Version 12.00
# Visual Studio Version 16
VisualStudioVersion = 16.0.29025.244
MinimumVisualStudioVersion = 10.0.40219.1
Project("{FAE04EC0-301F-11D3-BF4B-00C04F79EFBC}") = "USB CAN Reader", "WindowsApplication1\USB CAN Reader.csproj", "{97A53E49-9547-4C26-99EC-AA8CB1C46AA3}"
EndProject
Global
	GlobalSection(SolutionConfigurationPlatforms) = preSolution
		Debug|Any CPU = Debug|Any CPU
		Debug|x86 = Debug|x86
		Release|Any CPU = Release|Any CPU
		Release|x86 = Release|x86
	EndGlobalSection
	GlobalSection(ProjectConfigurationPlatforms) = postSolution
		{97A53E49-9547-4C26-99EC-AA8CB1C46AA3}.Debug|Any CPU.ActiveCfg = Debug|Any CPU
		{97A53E49-9547-4C26-99EC-AA8CB1C46AA3}.Debug|Any CPU.Build.0 = Debug|Any CPU
		{97A53E49-9547-4C26-99EC-AA8CB1C46AA3}.Debug|x86.ActiveCfg = Debug|x86
		{97A53E49-9547-4C26-99EC-AA8CB1C46AA3}.Debug|x86.Build.0 = Debug|x86
		{97A53E49-9547-4C26-99EC-AA8CB1C46AA3}.Release|Any CPU.ActiveCfg = Release|Any CPU
		{97A53E49-9547-4C26-99EC-AA8CB1C46AA3}.Release|Any CPU.Build.0 = Release|Any CPU
		{97A53E49-9547-4C26-99EC-AA8CB1C46AA3}.Release|x86.ActiveCfg = Release|x86
		{97A53E49-9547-4C26-99EC-AA8CB1C46AA3}.Release|x86.Build.0 = Release|x86
	EndGlobalSection
	GlobalSection(SolutionProperties) = preSolution
		HideSolutionNode = FALSE
	EndGlobalSection
	GlobalSection(ExtensibilityGlobals) = postSolution
		SolutionGuid = {26297C93-F0BE-42A0-9415-6ED3707AC709}
	EndGlobalSection
EndGlobal
